
Microsoft Visual Studio Solution File, Format Version 12.00
# Visual Studio Version 17
VisualStudioVersion = 17.5.002.0
MinimumVisualStudioVersion = 10.0.40219.1
Project("{9A19103F-16F7-4668-BE54-9A1E7A4F7556}") = "AbstractClass", "AbstractClass.csproj", "{43750AEE-30AF-43E2-98A6-45866C9621EE}"
EndProject
Global
	GlobalSection(SolutionConfigurationPlatforms) = preSolution
		Debug|Any CPU = Debug|Any CPU
		Release|Any CPU = Release|Any CPU
	EndGlobalSection
	GlobalSection(ProjectConfigurationPlatforms) = postSolution
		{43750AEE-30AF-43E2-98A6-45866C9621EE}.Debug|Any CPU.ActiveCfg = Debug|Any CPU
		{43750AEE-30AF-43E2-98A6-45866C9621EE}.Debug|Any CPU.Build.0 = Debug|Any CPU
		{43750AEE-30AF-43E2-98A6-45866C9621EE}.Release|Any CPU.ActiveCfg = Release|Any CPU
		{43750AEE-30AF-43E2-98A6-45866C9621EE}.Release|Any CPU.Build.0 = Release|Any CPU
	EndGlobalSection
	GlobalSection(SolutionProperties) = preSolution
		HideSolutionNode = FALSE
	EndGlobalSection
	GlobalSection(ExtensibilityGlobals) = postSolution
		SolutionGuid = {DC804B71-8C86-4340-A3FE-F0F01A1CF075}
	EndGlobalSection
EndGlobal
